{
  "version": 4,
  "terraform_version": "1.0.1",
  "serial": 99,
  "lineage": "965a7a8c-c0d9-7261-6678-5969e45d6c74",
  "outputs": {},
  "resources": [
    {
      "mode": "data",
      "type": "azurerm_client_config",
      "name": "current",
      "provider": "provider[\"registry.terraform.io/hashicorp/azurerm\"]",
      "instances": [
        {
          "schema_version": 0,
          "attributes": {
            "client_id": "04b07795-8ddb-461a-bbee-02f9e1bf7b46",
            "id": "2021-06-27 10:46:27.21915749 +0000 UTC",
            "object_id": "6fef93f5-c768-4dfb-8bdd-0abbc09bc9e4",
            "subscription_id": "e58a23da-421e-4b52-99d5-e615f2f8be41",
            "tenant_id": "cf36141c-ddd7-45a7-b073-111f66d0b30c",
            "timeouts": null
          },
          "sensitive_attributes": []
        }
      ]
    },
    {
      "mode": "managed",
      "type": "azuredevops_build_definition",
      "name": "mlops_template_ci_pipeline",
      "provider": "provider[\"registry.terraform.io/microsoft/azuredevops\"]",
      "instances": [
        {
          "schema_version": 0,
          "attributes": {
            "agent_pool_name": "Hosted Ubuntu 1604",
            "ci_trigger": [
              {
                "override": [],
                "use_yaml": true
              }
            ],
            "id": "5",
            "name": "ci_pipeline",
            "path": "\\mlopstemplateproject",
            "project_id": "30e9036f-ce23-4a75-90e9-52fea6d64409",
            "pull_request_trigger": [],
            "repository": [
              {
                "branch_name": "refs/heads/master",
                "github_enterprise_url": "",
                "repo_id": "e9d5cee0-e858-4cf7-8853-26704b80e579",
                "repo_type": "TfsGit",
                "report_build_status": true,
                "service_connection_id": "",
                "yml_path": "ado_pipelines/ci_pipeline.yml"
              }
            ],
            "revision": 1,
            "variable": [],
            "variable_groups": null
          },
          "sensitive_attributes": [],
          "private": "bnVsbA==",
          "dependencies": [
            "azuredevops_git_repository.mlops_template_git_repo",
            "azuredevops_project.mlops_template_project"
          ]
        }
      ]
    },
    {
      "mode": "managed",
      "type": "azuredevops_build_definition",
      "name": "mlops_template_docker_image_pipeline",
      "provider": "provider[\"registry.terraform.io/microsoft/azuredevops\"]",
      "instances": [
        {
          "schema_version": 0,
          "attributes": {
            "agent_pool_name": "Hosted Ubuntu 1604",
            "ci_trigger": [
              {
                "override": [],
                "use_yaml": true
              }
            ],
            "id": "2",
            "name": "docker_image_pipeline",
            "path": "\\mlopstemplateproject",
            "project_id": "30e9036f-ce23-4a75-90e9-52fea6d64409",
            "pull_request_trigger": [],
            "repository": [
              {
                "branch_name": "refs/heads/master",
                "github_enterprise_url": "",
                "repo_id": "e9d5cee0-e858-4cf7-8853-26704b80e579",
                "repo_type": "TfsGit",
                "report_build_status": true,
                "service_connection_id": "",
                "yml_path": "ado_pipelines/docker_image_pipeline.yml"
              }
            ],
            "revision": 1,
            "variable": [],
            "variable_groups": null
          },
          "sensitive_attributes": [],
          "private": "bnVsbA==",
          "dependencies": [
            "azuredevops_git_repository.mlops_template_git_repo",
            "azuredevops_project.mlops_template_project"
          ]
        }
      ]
    },
    {
      "mode": "managed",
      "type": "azuredevops_build_definition",
      "name": "mlops_template_flask_app_deployment_pipeline",
      "provider": "provider[\"registry.terraform.io/microsoft/azuredevops\"]",
      "instances": [
        {
          "schema_version": 0,
          "attributes": {
            "agent_pool_name": "Hosted Ubuntu 1604",
            "ci_trigger": [
              {
                "override": [],
                "use_yaml": true
              }
            ],
            "id": "4",
            "name": "flask_app_deployment_pipeline",
            "path": "\\mlopstemplateproject",
            "project_id": "30e9036f-ce23-4a75-90e9-52fea6d64409",
            "pull_request_trigger": [],
            "repository": [
              {
                "branch_name": "refs/heads/master",
                "github_enterprise_url": "",
                "repo_id": "e9d5cee0-e858-4cf7-8853-26704b80e579",
                "repo_type": "TfsGit",
                "report_build_status": true,
                "service_connection_id": "",
                "yml_path": "ado_pipelines/flask_app_deployment_pipeline.yml"
              }
            ],
            "revision": 1,
            "variable": [],
            "variable_groups": null
          },
          "sensitive_attributes": [],
          "private": "bnVsbA==",
          "dependencies": [
            "azuredevops_git_repository.mlops_template_git_repo",
            "azuredevops_project.mlops_template_project"
          ]
        }
      ]
    },
    {
      "mode": "managed",
      "type": "azuredevops_build_definition",
      "name": "mlops_template_model_deployment_pipeline",
      "provider": "provider[\"registry.terraform.io/microsoft/azuredevops\"]",
      "instances": [
        {
          "schema_version": 0,
          "attributes": {
            "agent_pool_name": "Hosted Ubuntu 1604",
            "ci_trigger": [
              {
                "override": [],
                "use_yaml": true
              }
            ],
            "id": "6",
            "name": "model_deployment_pipeline",
            "path": "\\mlopstemplateproject",
            "project_id": "30e9036f-ce23-4a75-90e9-52fea6d64409",
            "pull_request_trigger": [],
            "repository": [
              {
                "branch_name": "refs/heads/master",
                "github_enterprise_url": "",
                "repo_id": "e9d5cee0-e858-4cf7-8853-26704b80e579",
                "repo_type": "TfsGit",
                "report_build_status": true,
                "service_connection_id": "",
                "yml_path": "ado_pipelines/model_deployment_pipeline.yml"
              }
            ],
            "revision": 1,
            "variable": [],
            "variable_groups": null
          },
          "sensitive_attributes": [],
          "private": "bnVsbA==",
          "dependencies": [
            "azuredevops_git_repository.mlops_template_git_repo",
            "azuredevops_project.mlops_template_project"
          ]
        }
      ]
    },
    {
      "mode": "managed",
      "type": "azuredevops_build_definition",
      "name": "mlops_template_model_training_pipeline",
      "provider": "provider[\"registry.terraform.io/microsoft/azuredevops\"]",
      "instances": [
        {
          "schema_version": 0,
          "attributes": {
            "agent_pool_name": "Hosted Ubuntu 1604",
            "ci_trigger": [
              {
                "override": [],
                "use_yaml": true
              }
            ],
            "id": "3",
            "name": "model_training_pipeline",
            "path": "\\mlopstemplateproject",
            "project_id": "30e9036f-ce23-4a75-90e9-52fea6d64409",
            "pull_request_trigger": [],
            "repository": [
              {
                "branch_name": "refs/heads/master",
                "github_enterprise_url": "",
                "repo_id": "e9d5cee0-e858-4cf7-8853-26704b80e579",
                "repo_type": "TfsGit",
                "report_build_status": true,
                "service_connection_id": "",
                "yml_path": "ado_pipelines/model_training_pipeline.yml"
              }
            ],
            "revision": 1,
            "variable": [],
            "variable_groups": null
          },
          "sensitive_attributes": [],
          "private": "bnVsbA==",
          "dependencies": [
            "azuredevops_git_repository.mlops_template_git_repo",
            "azuredevops_project.mlops_template_project"
          ]
        }
      ]
    },
    {
      "mode": "managed",
      "type": "azuredevops_git_repository",
      "name": "mlops_template_git_repo",
      "provider": "provider[\"registry.terraform.io/microsoft/azuredevops\"]",
      "instances": [
        {
          "schema_version": 0,
          "attributes": {
            "default_branch": "refs/heads/master",
            "id": "e9d5cee0-e858-4cf7-8853-26704b80e579",
            "initialization": [
              {
                "init_type": "Import",
                "source_type": "Git",
                "source_url": "https://github.com/sebastianbirk/pytorch-mlops-template-azure-ml"
              }
            ],
            "is_fork": false,
            "name": "pytorch-mlops-template-azure-ml",
            "parent_repository_id": null,
            "project_id": "30e9036f-ce23-4a75-90e9-52fea6d64409",
            "remote_url": "https://mlopstemplateorg@dev.azure.com/mlopstemplateorg/mlopstemplateproject/_git/pytorch-mlops-template-azure-ml",
            "size": 385194480,
            "ssh_url": "git@ssh.dev.azure.com:v3/mlopstemplateorg/mlopstemplateproject/pytorch-mlops-template-azure-ml",
            "url": "https://dev.azure.com/mlopstemplateorg/30e9036f-ce23-4a75-90e9-52fea6d64409/_apis/git/repositories/e9d5cee0-e858-4cf7-8853-26704b80e579",
            "web_url": "https://dev.azure.com/mlopstemplateorg/mlopstemplateproject/_git/pytorch-mlops-template-azure-ml"
          },
          "sensitive_attributes": [],
          "private": "bnVsbA==",
          "dependencies": [
            "azuredevops_project.mlops_template_project"
          ]
        }
      ]
    },
    {
      "mode": "managed",
      "type": "azuredevops_project",
      "name": "mlops_template_project",
      "provider": "provider[\"registry.terraform.io/microsoft/azuredevops\"]",
      "instances": [
        {
          "schema_version": 0,
          "attributes": {
            "description": "PyTorch MLOps Template Project for Azure ML",
            "features": {},
            "id": "30e9036f-ce23-4a75-90e9-52fea6d64409",
            "name": "mlopstemplateproject",
            "process_template_id": "adcc42ab-9882-485e-a3ed-7678f01f66bc",
            "timeouts": null,
            "version_control": "Git",
            "visibility": "private",
            "work_item_template": "Agile"
          },
          "sensitive_attributes": [],
          "private": "eyJlMmJmYjczMC1lY2FhLTExZTYtOGY4OC0zNDM2M2JjN2M0YzAiOnsiY3JlYXRlIjo2MDAwMDAwMDAwMDAsImRlbGV0ZSI6NjAwMDAwMDAwMDAwLCJyZWFkIjozMDAwMDAwMDAwMDAsInVwZGF0ZSI6NjAwMDAwMDAwMDAwfX0="
        }
      ]
    },
    {
      "mode": "managed",
      "type": "azurerm_application_insights",
      "name": "mlops_template_ai",
      "provider": "provider[\"registry.terraform.io/hashicorp/azurerm\"]",
      "instances": [
        {
          "schema_version": 0,
          "attributes": {
            "app_id": "e644a1ba-518b-4685-a977-b7177ad87c46",
            "application_type": "web",
            "connection_string": "InstrumentationKey=5697e7b2-a8be-4309-af6f-5c386944d7b8;IngestionEndpoint=https://westeurope-1.in.applicationinsights.azure.com/",
            "daily_data_cap_in_gb": 100,
            "daily_data_cap_notifications_disabled": false,
            "disable_ip_masking": false,
            "id": "/subscriptions/e58a23da-421e-4b52-99d5-e615f2f8be41/resourceGroups/mlopstemplaterg/providers/microsoft.insights/components/mlopstemplateaibd0725",
            "instrumentation_key": "5697e7b2-a8be-4309-af6f-5c386944d7b8",
            "location": "westeurope",
            "name": "mlopstemplateaibd0725",
            "resource_group_name": "mlopstemplaterg",
            "retention_in_days": 90,
            "sampling_percentage": 100,
            "tags": {},
            "timeouts": null
          },
          "sensitive_attributes": [],
          "private": "eyJlMmJmYjczMC1lY2FhLTExZTYtOGY4OC0zNDM2M2JjN2M0YzAiOnsiY3JlYXRlIjoxODAwMDAwMDAwMDAwLCJkZWxldGUiOjE4MDAwMDAwMDAwMDAsInJlYWQiOjMwMDAwMDAwMDAwMCwidXBkYXRlIjoxODAwMDAwMDAwMDAwfX0=",
          "dependencies": [
            "azurerm_resource_group.mlops_template_rg",
            "random_id.suffix"
          ]
        }
      ]
    },
    {
      "mode": "managed",
      "type": "azurerm_cognitive_account",
      "name": "mlops_template_cvp",
      "provider": "provider[\"registry.terraform.io/hashicorp/azurerm\"]",
      "instances": [
        {
          "schema_version": 0,
          "attributes": {
            "custom_subdomain_name": "",
            "endpoint": "https://westeurope.api.cognitive.microsoft.com/",
            "id": "/subscriptions/e58a23da-421e-4b52-99d5-e615f2f8be41/resourceGroups/mlopstemplaterg/providers/Microsoft.CognitiveServices/accounts/mlopstemplatecvpbd0725",
            "kind": "CustomVision.Prediction",
            "location": "westeurope",
            "name": "mlopstemplatecvpbd0725",
            "network_acls": [],
            "primary_access_key": "2b2b39ed48d644aea810583a33329c50",
            "qna_runtime_endpoint": null,
            "resource_group_name": "mlopstemplaterg",
            "secondary_access_key": "65f3b6d218004527857212ecc2ccf560",
            "sku_name": "S0",
            "tags": {},
            "timeouts": null
          },
          "sensitive_attributes": [],
          "private": "eyJlMmJmYjczMC1lY2FhLTExZTYtOGY4OC0zNDM2M2JjN2M0YzAiOnsiY3JlYXRlIjoxODAwMDAwMDAwMDAwLCJkZWxldGUiOjE4MDAwMDAwMDAwMDAsInJlYWQiOjMwMDAwMDAwMDAwMCwidXBkYXRlIjoxODAwMDAwMDAwMDAwfX0=",
          "dependencies": [
            "random_id.suffix",
            "azurerm_resource_group.mlops_template_rg"
          ]
        }
      ]
    },
    {
      "mode": "managed",
      "type": "azurerm_cognitive_account",
      "name": "mlops_template_cvt",
      "provider": "provider[\"registry.terraform.io/hashicorp/azurerm\"]",
      "instances": [
        {
          "schema_version": 0,
          "attributes": {
            "custom_subdomain_name": "",
            "endpoint": "https://westeurope.api.cognitive.microsoft.com/",
            "id": "/subscriptions/e58a23da-421e-4b52-99d5-e615f2f8be41/resourceGroups/mlopstemplaterg/providers/Microsoft.CognitiveServices/accounts/mlopstemplatecvtbd0725",
            "kind": "CustomVision.Training",
            "location": "westeurope",
            "name": "mlopstemplatecvtbd0725",
            "network_acls": [],
            "primary_access_key": "bc7571ecfd664d038aee653e8da0ba4d",
            "qna_runtime_endpoint": null,
            "resource_group_name": "mlopstemplaterg",
            "secondary_access_key": "b2a852d9252248c5937f178c88da7c79",
            "sku_name": "S0",
            "tags": {},
            "timeouts": null
          },
          "sensitive_attributes": [],
          "private": "eyJlMmJmYjczMC1lY2FhLTExZTYtOGY4OC0zNDM2M2JjN2M0YzAiOnsiY3JlYXRlIjoxODAwMDAwMDAwMDAwLCJkZWxldGUiOjE4MDAwMDAwMDAwMDAsInJlYWQiOjMwMDAwMDAwMDAwMCwidXBkYXRlIjoxODAwMDAwMDAwMDAwfX0=",
          "dependencies": [
            "azurerm_resource_group.mlops_template_rg",
            "random_id.suffix"
          ]
        }
      ]
    },
    {
      "mode": "managed",
      "type": "azurerm_key_vault",
      "name": "mlops_template_kv",
      "provider": "provider[\"registry.terraform.io/hashicorp/azurerm\"]",
      "instances": [
        {
          "schema_version": 2,
          "attributes": {
            "access_policy": [
              {
                "application_id": "",
                "certificate_permissions": [
                  "all"
                ],
                "key_permissions": [
                  "all"
                ],
                "object_id": "7d35b308-ed7b-42b1-a91f-874b0bde3b40",
                "secret_permissions": [
                  "all"
                ],
                "storage_permissions": [],
                "tenant_id": "cf36141c-ddd7-45a7-b073-111f66d0b30c"
              }
            ],
            "contact": [],
            "enable_rbac_authorization": false,
            "enabled_for_deployment": false,
            "enabled_for_disk_encryption": false,
            "enabled_for_template_deployment": false,
            "id": "/subscriptions/e58a23da-421e-4b52-99d5-e615f2f8be41/resourceGroups/mlopstemplaterg/providers/Microsoft.KeyVault/vaults/mlopstemplatekvbd0725",
            "location": "westeurope",
            "name": "mlopstemplatekvbd0725",
            "network_acls": [
              {
                "bypass": "AzureServices",
                "default_action": "Allow",
                "ip_rules": [],
                "virtual_network_subnet_ids": []
              }
            ],
            "purge_protection_enabled": true,
            "resource_group_name": "mlopstemplaterg",
            "sku_name": "premium",
            "soft_delete_enabled": true,
            "soft_delete_retention_days": 90,
            "tags": {},
            "tenant_id": "cf36141c-ddd7-45a7-b073-111f66d0b30c",
            "timeouts": null,
            "vault_uri": "https://mlopstemplatekvbd0725.vault.azure.net/"
          },
          "sensitive_attributes": [],
          "private": "eyJlMmJmYjczMC1lY2FhLTExZTYtOGY4OC0zNDM2M2JjN2M0YzAiOnsiY3JlYXRlIjoxODAwMDAwMDAwMDAwLCJkZWxldGUiOjE4MDAwMDAwMDAwMDAsInJlYWQiOjMwMDAwMDAwMDAwMCwidXBkYXRlIjoxODAwMDAwMDAwMDAwfSwic2NoZW1hX3ZlcnNpb24iOiIyIn0=",
          "dependencies": [
            "azurerm_resource_group.mlops_template_rg",
            "data.azurerm_client_config.current",
            "random_id.suffix"
          ]
        }
      ]
    },
    {
      "mode": "managed",
      "type": "azurerm_kubernetes_cluster",
      "name": "mlops_template_aks",
      "provider": "provider[\"registry.terraform.io/hashicorp/azurerm\"]",
      "instances": [
        {
          "status": "tainted",
          "schema_version": 0,
          "attributes": {
            "addon_profile": [
              {
                "aci_connector_linux": [
                  {
                    "enabled": false,
                    "subnet_name": ""
                  }
                ],
                "azure_policy": [
                  {
                    "enabled": false
                  }
                ],
                "http_application_routing": [
                  {
                    "enabled": false,
                    "http_application_routing_zone_name": ""
                  }
                ],
                "ingress_application_gateway": [
                  {
                    "effective_gateway_id": "",
                    "enabled": false,
                    "gateway_id": "",
                    "gateway_name": "",
                    "ingress_application_gateway_identity": [],
                    "subnet_cidr": "",
                    "subnet_id": ""
                  }
                ],
                "kube_dashboard": [
                  {
                    "enabled": false
                  }
                ],
                "oms_agent": [
                  {
                    "enabled": false,
                    "log_analytics_workspace_id": "",
                    "oms_agent_identity": []
                  }
                ]
              }
            ],
            "api_server_authorized_ip_ranges": null,
            "auto_scaler_profile": [],
            "automatic_channel_upgrade": "",
            "default_node_pool": [
              {
                "availability_zones": null,
                "enable_auto_scaling": false,
                "enable_host_encryption": false,
                "enable_node_public_ip": false,
                "kubelet_config": [],
                "linux_os_config": [],
                "max_count": 0,
                "max_pods": 110,
                "min_count": 0,
                "name": "default",
                "node_count": 3,
                "node_labels": null,
                "node_public_ip_prefix_id": "",
                "node_taints": null,
                "only_critical_addons_enabled": false,
                "orchestrator_version": "1.19.11",
                "os_disk_size_gb": 128,
                "os_disk_type": "Managed",
                "proximity_placement_group_id": "",
                "tags": null,
                "type": "VirtualMachineScaleSets",
                "upgrade_settings": [],
                "vm_size": "Standard_DS2_v2",
                "vnet_subnet_id": ""
              }
            ],
            "disk_encryption_set_id": "",
            "dns_prefix": "aks",
            "dns_prefix_private_cluster": "",
            "enable_pod_security_policy": false,
            "fqdn": "aks-4d1e0315.hcp.westeurope.azmk8s.io",
            "id": "/subscriptions/e58a23da-421e-4b52-99d5-e615f2f8be41/resourcegroups/mlopstemplaterg/providers/Microsoft.ContainerService/managedClusters/mlopstemplateaksbd0725",
            "identity": [
              {
                "principal_id": "bfff3e03-5c16-4c8e-a947-ed8042fe6c6f",
                "tenant_id": "cf36141c-ddd7-45a7-b073-111f66d0b30c",
                "type": "SystemAssigned",
                "user_assigned_identity_id": ""
              }
            ],
            "kube_admin_config": [],
            "kube_admin_config_raw": "",
            "kube_config": [
              {
                "client_certificate": "LS0tLS1CRUdJTiBDRVJUSUZJQ0FURS0tLS0tCk1JSUZIVENDQXdXZ0F3SUJBZ0lRRGJYanZ4alFjQnJlNEhrc1FuOGdsREFOQmdrcWhraUc5dzBCQVFzRkFEQU4KTVFzd0NRWURWUVFERXdKallUQWVGdzB5TVRBMk1qY3hNRFEwTURKYUZ3MHlNekEyTWpjeE1EVTBNREphTURBeApGekFWQmdOVkJBb1REbk41YzNSbGJUcHRZWE4wWlhKek1SVXdFd1lEVlFRREV3eHRZWE4wWlhKamJHbGxiblF3CmdnSWlNQTBHQ1NxR1NJYjNEUUVCQVFVQUE0SUNEd0F3Z2dJS0FvSUNBUUQzNmdxSGJRVmVWdEFGSUpSVUFwWFgKRHVhNnl2cTZhQS9IaEQwZmorNS9rYmxnR1FVMEI1RHNvT2pMQ2MxckdCT2JaOVJtY2pFdkwzMll0QlZqU2QxUgpiMVV0OWpjV0F2VCt2MnM5eDNmZnl5UWRKenVLUTNkOVNTSUdNdzZJSGphK2FoM0JUQWdnUkpNQ1c1djEranVFCkpmZHhidlpzeFZRTW5IYXVicWpocDRzUVN3cG5zWlErWjNpQ3NIOTJKTE1VYzhJcjJjWlBnczgrc2diK0Z4N2MKWG1FTEF2b3d2a2VEeEcwd2kxVXhuUFJrSkQ2djlYZytqRlB0MGRMK0NKK2ljOVJkbk9tSHkrTEl6aWVHNFYydwpVMVdrMFRCUnZxQTNUNXhRbTJvRnh3cXBQV3hUajY3YjJ2UzNpaHJOSXJMWmFMREk2Tkdyb1cwQ0ZzTnRGU3ByCng3Rkp1QU1OSjl2Q3NldjlVUFhnUzdZdThQWDBldlNybE5kNk1JYW8ra21JR0t0MEo4alpxZWJkbk9ubmt5bHIKdlJIaFFOUTh2Ti9TQTZPc3dCbzU2Y0hJaGozbld6Tmk5R3cyVUdFTDlBbGp2QzU1UjdLNWkzYlM1bFpDblNpcQorUDQrY2t5Q2pXb0h0WTZHRVp5dHFZcHpEa0Zjckl0VWdhemZsd2pRNEsrczdyMEF5NmwwWjBOcW5PRXJxc1lBCkU5a0dvcEM1dTJBYjQwWDJUMlhrY2dYc28zTTNKM1NwaHJoU29jTnNKWFRBT213eXZLb1hSaVJDY0hpMkRBSDQKa1JlK3E0bG5maUlkZ284MTRtVjR3bjUwSG5LT01VdVRNTFhjbkVBeGFsQ1RVN2t6ejV3TjlGSlhWcDdvblFoTwpFSGhtVmtOMWUyTnN3UGhpV3JCWWhRSURBUUFCbzFZd1ZEQU9CZ05WSFE4QkFmOEVCQU1DQmFBd0V3WURWUjBsCkJBd3dDZ1lJS3dZQkJRVUhBd0l3REFZRFZSMFRBUUgvQkFJd0FEQWZCZ05WSFNNRUdEQVdnQlQ2K3dUeEVkRW4KcnpQNlhFbkphanFoaTByb2ZqQU5CZ2txaGtpRzl3MEJBUXNGQUFPQ0FnRUFTRnVHamVWZTVtOERqN2hpQnMrdQpnTmtpeWtYd2JZejhQbFp3TFhNdjFESXdIUDUrVlNYcjB3Y3pQNktsb0Z3eGtxWVNVN0RsMmhyWldMSHBzMWlLCmdsbnJqVmdXUDNueHp6dTdDQnQzNzRsSWdnK1hKVG12N3pnZ3hrM1RjTTA2c1dCWEFISk5YM3RaQkIrcmJGU0MKWDlFYk9Fb2JUcko1bUtWYkswbG42OSt6N3ltWjFRVXVpbGhTSDRZYmoyTU9mYmFnekN6VUJIa0E5dGhIYnhXRQpGbHp2anhwbHNxR2tteWdNTWN3NVJPTWZBTFliaXVaYndVQ1RRUmJEQ2tmNjhjbnVBWjRpeXpRV0hvQm83dHZjCktEZDlKMDRDVWpJOEI0aFkrV1F5YlVhVFU0MXE2VlBPbmZObi9adGJYN3gxcjZTYVhIaHNFdDBPWXg5RDNRZEcKTHBLWjNRWjFJSVRLaTJGZzB3b2wrd0FHdStSSXNFWXFSbVFxbVVwbW16RStyUjE5Q05vQk8xaUtja3A3UnlZVgpTWVRQWHpQL3Z3R2svNVJPdmR3b2ZDVEh5NWNod0lIQjBlckI0TDZYU3hwclU1OGhpR0VyaiswdjhMSUZiTWRqCnJNckRyVHhjSWR4Q1RkSE1iSk9jcUFUUXNZWEkxWWdSMm1FTFQ4S0Qxa1dYc1l2K0RXN1VlNXVEN1p4R05PR3YKUmduZDVEeTJJaE42bjE3eGUyYlR2Y3duenZLWDVyd25wZjJvUm94aWVWS3JSWEwzS282eVl0K1pycHlHNXJKRgpjeFA0aUpxMmtYTC8ySUJQMFJ2aHIweUVRKzh4bzQrVkhWN0gxaVozTUdsQmw1dnkzbmQ4YXlvUENxckFnbGh5CjZTZUZMdVdpVFg5aFdqeFZFeFBnN2VRPQotLS0tLUVORCBDRVJUSUZJQ0FURS0tLS0tCg==",
                "client_key": "LS0tLS1CRUdJTiBSU0EgUFJJVkFURSBLRVktLS0tLQpNSUlKS1FJQkFBS0NBZ0VBOStvS2gyMEZYbGJRQlNDVVZBS1YxdzdtdXNyNnVtZ1B4NFE5SDQvdWY1RzVZQmtGCk5BZVE3S0RveXduTmF4Z1RtMmZVWm5JeEx5OTltTFFWWTBuZFVXOVZMZlkzRmdMMC9yOXJQY2QzMzhza0hTYzcKaWtOM2ZVa2lCak1PaUI0MnZtb2R3VXdJSUVTVEFsdWI5Zm83aENYM2NXNzJiTVZVREp4MnJtNm80YWVMRUVzSwpaN0dVUG1kNGdyQi9kaVN6RkhQQ0s5bkdUNExQUHJJRy9oY2UzRjVoQ3dMNk1MNUhnOFJ0TUl0Vk1aejBaQ1ErCnIvVjRQb3hUN2RIUy9naWZvblBVWFp6cGg4dml5TTRuaHVGZHNGTlZwTkV3VWI2Z04wK2NVSnRxQmNjS3FUMXMKVTQrdTI5cjB0NG9helNLeTJXaXd5T2pScTZGdEFoYkRiUlVxYThleFNiZ0REU2Zid3JIci9WRDE0RXUyTHZEMQo5SHIwcTVUWGVqQ0dxUHBKaUJpcmRDZkkyYW5tM1p6cDU1TXBhNzBSNFVEVVBMemYwZ09qck1BYU9lbkJ5SVk5CjUxc3pZdlJzTmxCaEMvUUpZN3d1ZVVleXVZdDIwdVpXUXAwb3F2aitQbkpNZ28xcUI3V09oaEdjcmFtS2N3NUIKWEt5TFZJR3MzNWNJME9DdnJPNjlBTXVwZEdkRGFwemhLNnJHQUJQWkJxS1F1YnRnRytORjlrOWw1SElGN0tOegpOeWQwcVlhNFVxSERiQ1Ywd0Rwc01yeXFGMFlrUW5CNHRnd0IrSkVYdnF1SlozNGlIWUtQTmVKbGVNSitkQjV5CmpqRkxrekMxM0p4QU1XcFFrMU81TTgrY0RmUlNWMWFlNkowSVRoQjRabFpEZFh0amJNRDRZbHF3V0lVQ0F3RUEKQVFLQ0FnQU1pRTlKODAvdktmSlFJQXAvaUxYc2JqdHB1L01hMDBIZzh5Vm40QTNOY3g5czVUYm5IMjdMRjROTgpLRXl6R2o5N2ZxODFFcGE3N09tcmU0Y05RdUdtU1R1RUhFdENtSm1yK3g4L3UwS3JGSWpaMUc3bEdXNEQ3bHVDCjlyZklWOGFxcjVDYmdlMXpQQ1EyWFUwd0RSdFBIZUE1WXNPZ1VnVmlzZElxRlR3Q1ZFYnFadkM2dHpab1JUREoKWW9TL0F6SHVXYis2R2NNMXA4WTBSQ21vVktEaHdQK2szOXluOUNhSFdibXZWNHZSK3o0N2hiMkpoWjR6ZzBLRwo1akdGV0FoQjNSc2lORmwxM08rMCtQNzBpWllENE9LV2QyQzY4U2tHUXNjREtDZ2U3S1gwVWorVXBkSFFHV3gvCmpzSzJGZ2YyaDUxUU9yekdzVjFpV3FZOGNISjVjT0NUeDdNUHJqV0NCOXFUaC9RTVFLSVludm82T0h5OEd1YkwKM1RpTDM1UEVYcUZVZm0wU1IxTGR2OGJjMno3OHYvcU1JbUptam1VMVRuc3FmNkRlQ3RiZEY0MmpRR2pmR3dJawp6TWxZSlhBWGoxWThJYUZFQ2ZGZUpFYzRwODdQWDBPSkt6cGRCTVFyVU5tbjBSOTZ1MlFvbGxRZW42SWhEMVFWCmdtNXBjb3dyNkZDeHF0dk1LelJxYTN6QkdYWE5FSzk0MS9NdzV6bFFEZ3Vmck5oZXVnbXh4VmllOW5oRTlPdU8KOXRjSWMrZWwrTkVsOVhpTmdzSk5SRFEvV1lyMU8zQTNZOWxBSEZxV0hNaG81cFFmOVJxWTR1QW1KZjlDcHR0MAp1VGc0azlnZkt5eDgxeXdGUm5HTzFOc0JBdnB6K3djTUlzcEdoSGx1V0VWSVhGZXhEUUtDQVFFQS85QWszenBnCjVIa0VMbEdrUkoyYWJrbHRnamZtWHFyazgxSTFCTWw1QVZTY3RBL29JNEV4WEplc0Jla2VFNkd6WHB2L1NhQ0IKZXNJWnd1bjBNQ0dESCtlQ0oyTkk0b0ZNcGQ2Y0ptSUFSbUZ5czMxUHI4Qk1RZzVSNG5MYWloSUo5bHNkWGpscgpDeVNvZTJTTGdRMGdYcGZWWE5jaWo3bCthdVl2ZTVzcW0raHNnVll2OS9NSWJZcnJlN2dINCt4VmNYb2czcFp4CmE5Slp0OTJBS1V6TFBIYm1OM3RjbVgrMlV2V3NVamFaZWl6QW9nMGxicnNNdWZnbjJwVU5XV3UrWStiY1hKRHcKUzNTOU1CYTRYM2xWR2xqa1cvMGUrRy8xYzRZdkpaa3o2bm04TEFUc2VyT2lEaVdaSlc2SkpMaTlXRUppc1NuZwphY2FSRXJiK21uRjV5d0tDQVFFQStCaHJYOG9JMER5aGdtV2VlV2hBanRBYlh1bmFTSkZ3SFhpeGJUdkFKcnFwCk45QThoZm1QRkx4TGxLTTlaWlE5QytsbEJldG8rdVBkMUtuaHc0OSs4YWVYRmoxakM4K1FvdjNRcFU5cHZBS1UKdlNMeWJxZEVlS3E0RDB2aDdlS0l2Y3VweWlsN1FaU1JtMHZaYnJGb2NiOFQ0V3hSS0pXQzFSV1lNTUxqb0JDegptZkRTM3VHSmZqSW1sWVNWYlNWYUZIVi9SV2VPTlpMcUE0K1ZHVEN6Qm1QLzdZV2ZiMWJscWtFNnBCWE5hMTY1CnlJQ0hIUThJYitmTFJCaXptK3dybm0ra1FTcXg5R3VCU2RwcTQ5R1lBb0xuOTRxYTNuNyt0Sm5OdGZFYjhISmkKL2xBMkRKZTNNK3d6T2U3dk1qQ1ZLZ2VQd0J6MVhrVVhnd01qTGxwczd3S0NBUUVBOXlETmZobVhvU0NIdVhlRgppZ1AzUExRUzVzbTU4NXFFczh1bkRJaldMVUxnWDlNK0g0NmZjU1BWTzZDSlBjM295bTFKb29jOGpxc1UyQWZMCnJ2T3hDUkZOMjE4KytoS1BTVzVVeTMvQlpEeWY0bVljcFZ6UVRzQW11dXpaMHFpNmx4Uk91c2dkY1JabzdVdWsKdVhkRTNoMHdNaEJqZ3hWZjIwV2tlWFRkSk9EVWNkNGhXUmVmL0xOSDZxMU9jaEhPT1dJU2Z2WTNmRUlxQ2tZaAptY1JtVW5OSzFDNkl0b0Y2VVlxa2ZvZmduUGErNGM1eGF4ZW9vNy9vUUhIZUE1VGl5UUF0d2Y4REpPSVNJbkxRCml1dGNHNmZrZERtRHdkM204VU9nS0dKb2xRd2xqU0QwazFVV0tUU0pUbkFLYlQ5TExBaDE3MURWUzFwWXJBdTgKeXRiMUlRS0NBUUVBZ0ZpaHM3eGhNdGtxOUxwOWNYRnRkSFJVdEpWbVI0UjE2OGswZ0w0WWVmQzIraGpRTnI4VQpOalh6SThJUFVTMlBKMHBtNk5rUVJqcjcxN2pMQXRDSmE1cTNudG5ERTZrZHVqUjBiQkRaTWxwamVEVk1GZEtTCnFab24va0hUYjYxeDhENGNhR2x0U2xBQnc4VkpodXBnamZlNzRUS1lDZGJQQ0UxVG5tWTBPK3BuLzR1R2k2ZEIKNmZjbjN0SG9PNzdIQ3k1OTJQbnBwKzJKQXE2VkE2TWQrb0JoTmcrYW00N280VnM5YXdXY2I1OWhuVWhnbmJmWgpOWXRFck1YYXBSOVlzVzR3RzBacktYYzBPM0N6TzRpQ2kwb05seEl0YkUxbWx5ZTZOQlczem54ZW1oSUU1QjdZCnVCUEpySDdmWDZlaWcwdkdJaXpaQXh2YlBmdXhoNWxnSVFLQ0FRQXIwSUNGcUw5ZmlkM3dRVEVLanR3VkdOWnYKR3RyNGpuaU8wM25oZUJDNU10VkNQMGFkNmc4ZjlpYmtNeHZWVkFwcnZhT2p2OVVuWFZtNHA1NmFtL1BWMWxTegprOC8wVGhnS1hLUnBpTk5xZWg1OTNJcHVZeEs3RVRqbnFaWkNXZVBBeUdlWU1EYkJuYWJLUkk2OUxzNFNocFhyCmVSUTdlcDJSZjdMUi92VVRIN3NGRkU4U09wOHBDaTdMTDZUVnlnR21xdnZoeUJSWEVidDAzemVBMnlLOUU4M0gKbmpaMUZPeTBpV2pHbVdKSE0yeWdtSkJKREh2dXBoUkN3akdxcW9BQkpteTI3SU0yWDREVFpYSUFRYVNXbGl6ZQoybDBKeW9PbXo3V2IrM3BYNXRvRWFsK3F2RzdQUVltWVFWZGFyODMxMUM1amNpVWhCTGg3dWs1YVA2bHcKLS0tLS1FTkQgUlNBIFBSSVZBVEUgS0VZLS0tLS0K",
                "cluster_ca_certificate": "LS0tLS1CRUdJTiBDRVJUSUZJQ0FURS0tLS0tCk1JSUU2RENDQXRDZ0F3SUJBZ0lRU1pRVTA4N3dwajRBMGNBT25iN1dOekFOQmdrcWhraUc5dzBCQVFzRkFEQU4KTVFzd0NRWURWUVFERXdKallUQWdGdzB5TVRBMk1qY3hNRFEwTURKYUdBOHlNRFV4TURZeU56RXdOVFF3TWxvdwpEVEVMTUFrR0ExVUVBeE1DWTJFd2dnSWlNQTBHQ1NxR1NJYjNEUUVCQVFVQUE0SUNEd0F3Z2dJS0FvSUNBUUM0CjRodG42MkI3SUdtZVlrVGNtY1dpamF3TmpXc01WTEVuQ0pxU2VwcXVZOThkR3k1TGh2MDZyUkJZS05tTVpGRnIKS3dEcWFHeXk0aHNTOFZxTlVIbkNlbFlEWmY0N3lxY3NVamlkb0hYa0s1aC9ESlpFQk93OW1Wd2Q4cCtvYzhXaAp2MkNCRDFaS2ZaRzJBbWhlL2JpMXh1cTBrRVBIbFhkbHhuM3ZIc29yNEp4SDVoZ1ZRNGVGUlR0aVY5cHlYSzZqCjczQ2NUeFN1cFNXWkZpUzZmeHlmdlJBSGswbG5YUWpiL0pleHJFalcray93d2JFZ0NWbDI5VXUzcHZnS1N6K2wKd0FiUTRhYnNvOTllR2k3eFdUUjZMTWFZY1lFNXJuaDZ5S3RrRkJtbHhBd2VvME84ZmR0YlY3YzhSSnplOEUzQQpJcVp6TVZESlg5UUdJQXVIVFVxSmprZm1EUVlCVGtGY21KdlBuLzQ3UGQ2NGQ2a1ZtVXY3b1NuTkhMa2NFd1EzCnNvZzhhM05wVndGOXR6a0ROMk9jZmFwWlNUbzhNVjIrSjZiU3ljWkd2NVVPQ3lZWFN3RDkvT2VEQWpBQUNtWnMKZVNlMUtMZHMxOGlkSU44a3VxRCsrekUyc1UzR05scDQzUzRrTkwvcHRPcWZJTVU2bVJOYXNNbHk3QlJBRk9PYgo1REZ0cEZjZVlzUWRiNTZUYmY0dWQ5WVgzeGVISys0VjZYT01LTVFGQjU5dThzZlo4TGFaNjhid1hzT1g5YVJsCkxMdXY0MVU4RGFIWHNOMFdDRTJ2V09vVVdsUzJZenFCMytaMkF1cEZPYngwdGdTaWRrQUxBdzF1YTg0b3RVcTYKTkQyOFllaHFJalM2UEl4TnJEZlM2VVhPUWszM0FpWEg0SEFHaXZxSzZ3SURBUUFCbzBJd1FEQU9CZ05WSFE4QgpBZjhFQkFNQ0FxUXdEd1lEVlIwVEFRSC9CQVV3QXdFQi96QWRCZ05WSFE0RUZnUVUrdnNFOFJIUko2OHorbHhKCnlXbzZvWXRLNkg0d0RRWUpLb1pJaHZjTkFRRUxCUUFEZ2dJQkFEWUhpLzlyT0VvRS8wM1ZpMWZCTXNCTFZESG8KZ0Y4M3dtUEluRklEUzQ3SktpL0RJTUQ0alQrYzBkV0hyVWJHdk9xYS9rU3NJK2VLYUNnQmttQldvbis2QVVrOQpWVUNWZW45d3I4NWRiUlpyYUQ0RllTWGQ4TDlqaHljT1FOV2RPV1F5NHJRaS9ZdVlIN0hZb3NyQXlmbENyRThDCkdSQW9PZTkyRGU2NGZBMGlzcHBLSnpsVmwzYmxYdmtNN1IyUTdlYlZ1OFlrTXQ0UnIxaU9UN0NNZEpSbHlhV2wKWmJIbWZzbHRvcnlzSnUrSG9JdVZrcHd4UU5WUG1YeWNyV0tJMW9kbDFuUForWkdLeUw2QmRPTVFOY1RBZ2s4cAo0dFVtQXpVN3Z5QmVKNkNSS2U1amgzSGhEZGliQ2JZR3p1N3RYZzVnL29RYmhmT0tJaHUrbVVnUHdkOG5nZ2lXCmhTdC9LcHhrTFd0bkV0THBMOGcwRHRpR3R5dnVOVC9VNHBwbnpUZHZUdlYzVWZsb1hXcTF0S3VaQVExT2lmU0cKVGFMUG84Q1JpMmFWUnM0TzgzeklqWEhrQlFHT0RXUHU3SWhjbDJwMVNySnBnMXBJSGEyVmhCaW8vblo5dVJleQpmL0U3L1puYitucHdXbTRYK1RZV29VYUwvaE9ERUZneXRJeGpCeEhQS1pFdmlFTTkxQXk0d0NzTi93THVaU1ZrCjMyTDJVOG9TdVBuWnljc1MvTXYvdmdkdVBiTXFoQkNtNlU2STJ2czN3OEJHZ1dPdjlxZHhKL3BEQnQ3VHkybloKOU4vOXhSc1NYN25pd0RmeVhjUlNrcDRWcFc2TWRCUGhoMG5keVVnVHFLTjI3MFBVcjJTc0l2K05tQWZBanp0bAo0Ny9nUnF1QWdGNzJZRlA2Ci0tLS0tRU5EIENFUlRJRklDQVRFLS0tLS0K",
                "host": "https://aks-4d1e0315.hcp.westeurope.azmk8s.io:443",
                "password": "868ac17773b324c83e7c95060e900f99cf55fa7562b4728b919a52fbb8d7ae4c84b41c71654eb6b4bd00f518cc639b8683f9692e2f73bee22b31e6379ae09fdc",
                "username": "clusterUser_mlopstemplaterg_mlopstemplateaksbd0725"
              }
            ],
            "kube_config_raw": "apiVersion: v1\nclusters:\n- cluster:\n    certificate-authority-data: LS0tLS1CRUdJTiBDRVJUSUZJQ0FURS0tLS0tCk1JSUU2RENDQXRDZ0F3SUJBZ0lRU1pRVTA4N3dwajRBMGNBT25iN1dOekFOQmdrcWhraUc5dzBCQVFzRkFEQU4KTVFzd0NRWURWUVFERXdKallUQWdGdzB5TVRBMk1qY3hNRFEwTURKYUdBOHlNRFV4TURZeU56RXdOVFF3TWxvdwpEVEVMTUFrR0ExVUVBeE1DWTJFd2dnSWlNQTBHQ1NxR1NJYjNEUUVCQVFVQUE0SUNEd0F3Z2dJS0FvSUNBUUM0CjRodG42MkI3SUdtZVlrVGNtY1dpamF3TmpXc01WTEVuQ0pxU2VwcXVZOThkR3k1TGh2MDZyUkJZS05tTVpGRnIKS3dEcWFHeXk0aHNTOFZxTlVIbkNlbFlEWmY0N3lxY3NVamlkb0hYa0s1aC9ESlpFQk93OW1Wd2Q4cCtvYzhXaAp2MkNCRDFaS2ZaRzJBbWhlL2JpMXh1cTBrRVBIbFhkbHhuM3ZIc29yNEp4SDVoZ1ZRNGVGUlR0aVY5cHlYSzZqCjczQ2NUeFN1cFNXWkZpUzZmeHlmdlJBSGswbG5YUWpiL0pleHJFalcray93d2JFZ0NWbDI5VXUzcHZnS1N6K2wKd0FiUTRhYnNvOTllR2k3eFdUUjZMTWFZY1lFNXJuaDZ5S3RrRkJtbHhBd2VvME84ZmR0YlY3YzhSSnplOEUzQQpJcVp6TVZESlg5UUdJQXVIVFVxSmprZm1EUVlCVGtGY21KdlBuLzQ3UGQ2NGQ2a1ZtVXY3b1NuTkhMa2NFd1EzCnNvZzhhM05wVndGOXR6a0ROMk9jZmFwWlNUbzhNVjIrSjZiU3ljWkd2NVVPQ3lZWFN3RDkvT2VEQWpBQUNtWnMKZVNlMUtMZHMxOGlkSU44a3VxRCsrekUyc1UzR05scDQzUzRrTkwvcHRPcWZJTVU2bVJOYXNNbHk3QlJBRk9PYgo1REZ0cEZjZVlzUWRiNTZUYmY0dWQ5WVgzeGVISys0VjZYT01LTVFGQjU5dThzZlo4TGFaNjhid1hzT1g5YVJsCkxMdXY0MVU4RGFIWHNOMFdDRTJ2V09vVVdsUzJZenFCMytaMkF1cEZPYngwdGdTaWRrQUxBdzF1YTg0b3RVcTYKTkQyOFllaHFJalM2UEl4TnJEZlM2VVhPUWszM0FpWEg0SEFHaXZxSzZ3SURBUUFCbzBJd1FEQU9CZ05WSFE4QgpBZjhFQkFNQ0FxUXdEd1lEVlIwVEFRSC9CQVV3QXdFQi96QWRCZ05WSFE0RUZnUVUrdnNFOFJIUko2OHorbHhKCnlXbzZvWXRLNkg0d0RRWUpLb1pJaHZjTkFRRUxCUUFEZ2dJQkFEWUhpLzlyT0VvRS8wM1ZpMWZCTXNCTFZESG8KZ0Y4M3dtUEluRklEUzQ3SktpL0RJTUQ0alQrYzBkV0hyVWJHdk9xYS9rU3NJK2VLYUNnQmttQldvbis2QVVrOQpWVUNWZW45d3I4NWRiUlpyYUQ0RllTWGQ4TDlqaHljT1FOV2RPV1F5NHJRaS9ZdVlIN0hZb3NyQXlmbENyRThDCkdSQW9PZTkyRGU2NGZBMGlzcHBLSnpsVmwzYmxYdmtNN1IyUTdlYlZ1OFlrTXQ0UnIxaU9UN0NNZEpSbHlhV2wKWmJIbWZzbHRvcnlzSnUrSG9JdVZrcHd4UU5WUG1YeWNyV0tJMW9kbDFuUForWkdLeUw2QmRPTVFOY1RBZ2s4cAo0dFVtQXpVN3Z5QmVKNkNSS2U1amgzSGhEZGliQ2JZR3p1N3RYZzVnL29RYmhmT0tJaHUrbVVnUHdkOG5nZ2lXCmhTdC9LcHhrTFd0bkV0THBMOGcwRHRpR3R5dnVOVC9VNHBwbnpUZHZUdlYzVWZsb1hXcTF0S3VaQVExT2lmU0cKVGFMUG84Q1JpMmFWUnM0TzgzeklqWEhrQlFHT0RXUHU3SWhjbDJwMVNySnBnMXBJSGEyVmhCaW8vblo5dVJleQpmL0U3L1puYitucHdXbTRYK1RZV29VYUwvaE9ERUZneXRJeGpCeEhQS1pFdmlFTTkxQXk0d0NzTi93THVaU1ZrCjMyTDJVOG9TdVBuWnljc1MvTXYvdmdkdVBiTXFoQkNtNlU2STJ2czN3OEJHZ1dPdjlxZHhKL3BEQnQ3VHkybloKOU4vOXhSc1NYN25pd0RmeVhjUlNrcDRWcFc2TWRCUGhoMG5keVVnVHFLTjI3MFBVcjJTc0l2K05tQWZBanp0bAo0Ny9nUnF1QWdGNzJZRlA2Ci0tLS0tRU5EIENFUlRJRklDQVRFLS0tLS0K\n    server: https://aks-4d1e0315.hcp.westeurope.azmk8s.io:443\n  name: mlopstemplateaksbd0725\ncontexts:\n- context:\n    cluster: mlopstemplateaksbd0725\n    user: clusterUser_mlopstemplaterg_mlopstemplateaksbd0725\n  name: mlopstemplateaksbd0725\ncurrent-context: mlopstemplateaksbd0725\nkind: Config\npreferences: {}\nusers:\n- name: clusterUser_mlopstemplaterg_mlopstemplateaksbd0725\n  user:\n    client-certificate-data: LS0tLS1CRUdJTiBDRVJUSUZJQ0FURS0tLS0tCk1JSUZIVENDQXdXZ0F3SUJBZ0lRRGJYanZ4alFjQnJlNEhrc1FuOGdsREFOQmdrcWhraUc5dzBCQVFzRkFEQU4KTVFzd0NRWURWUVFERXdKallUQWVGdzB5TVRBMk1qY3hNRFEwTURKYUZ3MHlNekEyTWpjeE1EVTBNREphTURBeApGekFWQmdOVkJBb1REbk41YzNSbGJUcHRZWE4wWlhKek1SVXdFd1lEVlFRREV3eHRZWE4wWlhKamJHbGxiblF3CmdnSWlNQTBHQ1NxR1NJYjNEUUVCQVFVQUE0SUNEd0F3Z2dJS0FvSUNBUUQzNmdxSGJRVmVWdEFGSUpSVUFwWFgKRHVhNnl2cTZhQS9IaEQwZmorNS9rYmxnR1FVMEI1RHNvT2pMQ2MxckdCT2JaOVJtY2pFdkwzMll0QlZqU2QxUgpiMVV0OWpjV0F2VCt2MnM5eDNmZnl5UWRKenVLUTNkOVNTSUdNdzZJSGphK2FoM0JUQWdnUkpNQ1c1djEranVFCkpmZHhidlpzeFZRTW5IYXVicWpocDRzUVN3cG5zWlErWjNpQ3NIOTJKTE1VYzhJcjJjWlBnczgrc2diK0Z4N2MKWG1FTEF2b3d2a2VEeEcwd2kxVXhuUFJrSkQ2djlYZytqRlB0MGRMK0NKK2ljOVJkbk9tSHkrTEl6aWVHNFYydwpVMVdrMFRCUnZxQTNUNXhRbTJvRnh3cXBQV3hUajY3YjJ2UzNpaHJOSXJMWmFMREk2Tkdyb1cwQ0ZzTnRGU3ByCng3Rkp1QU1OSjl2Q3NldjlVUFhnUzdZdThQWDBldlNybE5kNk1JYW8ra21JR0t0MEo4alpxZWJkbk9ubmt5bHIKdlJIaFFOUTh2Ti9TQTZPc3dCbzU2Y0hJaGozbld6Tmk5R3cyVUdFTDlBbGp2QzU1UjdLNWkzYlM1bFpDblNpcQorUDQrY2t5Q2pXb0h0WTZHRVp5dHFZcHpEa0Zjckl0VWdhemZsd2pRNEsrczdyMEF5NmwwWjBOcW5PRXJxc1lBCkU5a0dvcEM1dTJBYjQwWDJUMlhrY2dYc28zTTNKM1NwaHJoU29jTnNKWFRBT213eXZLb1hSaVJDY0hpMkRBSDQKa1JlK3E0bG5maUlkZ284MTRtVjR3bjUwSG5LT01VdVRNTFhjbkVBeGFsQ1RVN2t6ejV3TjlGSlhWcDdvblFoTwpFSGhtVmtOMWUyTnN3UGhpV3JCWWhRSURBUUFCbzFZd1ZEQU9CZ05WSFE4QkFmOEVCQU1DQmFBd0V3WURWUjBsCkJBd3dDZ1lJS3dZQkJRVUhBd0l3REFZRFZSMFRBUUgvQkFJd0FEQWZCZ05WSFNNRUdEQVdnQlQ2K3dUeEVkRW4KcnpQNlhFbkphanFoaTByb2ZqQU5CZ2txaGtpRzl3MEJBUXNGQUFPQ0FnRUFTRnVHamVWZTVtOERqN2hpQnMrdQpnTmtpeWtYd2JZejhQbFp3TFhNdjFESXdIUDUrVlNYcjB3Y3pQNktsb0Z3eGtxWVNVN0RsMmhyWldMSHBzMWlLCmdsbnJqVmdXUDNueHp6dTdDQnQzNzRsSWdnK1hKVG12N3pnZ3hrM1RjTTA2c1dCWEFISk5YM3RaQkIrcmJGU0MKWDlFYk9Fb2JUcko1bUtWYkswbG42OSt6N3ltWjFRVXVpbGhTSDRZYmoyTU9mYmFnekN6VUJIa0E5dGhIYnhXRQpGbHp2anhwbHNxR2tteWdNTWN3NVJPTWZBTFliaXVaYndVQ1RRUmJEQ2tmNjhjbnVBWjRpeXpRV0hvQm83dHZjCktEZDlKMDRDVWpJOEI0aFkrV1F5YlVhVFU0MXE2VlBPbmZObi9adGJYN3gxcjZTYVhIaHNFdDBPWXg5RDNRZEcKTHBLWjNRWjFJSVRLaTJGZzB3b2wrd0FHdStSSXNFWXFSbVFxbVVwbW16RStyUjE5Q05vQk8xaUtja3A3UnlZVgpTWVRQWHpQL3Z3R2svNVJPdmR3b2ZDVEh5NWNod0lIQjBlckI0TDZYU3hwclU1OGhpR0VyaiswdjhMSUZiTWRqCnJNckRyVHhjSWR4Q1RkSE1iSk9jcUFUUXNZWEkxWWdSMm1FTFQ4S0Qxa1dYc1l2K0RXN1VlNXVEN1p4R05PR3YKUmduZDVEeTJJaE42bjE3eGUyYlR2Y3duenZLWDVyd25wZjJvUm94aWVWS3JSWEwzS282eVl0K1pycHlHNXJKRgpjeFA0aUpxMmtYTC8ySUJQMFJ2aHIweUVRKzh4bzQrVkhWN0gxaVozTUdsQmw1dnkzbmQ4YXlvUENxckFnbGh5CjZTZUZMdVdpVFg5aFdqeFZFeFBnN2VRPQotLS0tLUVORCBDRVJUSUZJQ0FURS0tLS0tCg==\n    client-key-data: LS0tLS1CRUdJTiBSU0EgUFJJVkFURSBLRVktLS0tLQpNSUlKS1FJQkFBS0NBZ0VBOStvS2gyMEZYbGJRQlNDVVZBS1YxdzdtdXNyNnVtZ1B4NFE5SDQvdWY1RzVZQmtGCk5BZVE3S0RveXduTmF4Z1RtMmZVWm5JeEx5OTltTFFWWTBuZFVXOVZMZlkzRmdMMC9yOXJQY2QzMzhza0hTYzcKaWtOM2ZVa2lCak1PaUI0MnZtb2R3VXdJSUVTVEFsdWI5Zm83aENYM2NXNzJiTVZVREp4MnJtNm80YWVMRUVzSwpaN0dVUG1kNGdyQi9kaVN6RkhQQ0s5bkdUNExQUHJJRy9oY2UzRjVoQ3dMNk1MNUhnOFJ0TUl0Vk1aejBaQ1ErCnIvVjRQb3hUN2RIUy9naWZvblBVWFp6cGg4dml5TTRuaHVGZHNGTlZwTkV3VWI2Z04wK2NVSnRxQmNjS3FUMXMKVTQrdTI5cjB0NG9helNLeTJXaXd5T2pScTZGdEFoYkRiUlVxYThleFNiZ0REU2Zid3JIci9WRDE0RXUyTHZEMQo5SHIwcTVUWGVqQ0dxUHBKaUJpcmRDZkkyYW5tM1p6cDU1TXBhNzBSNFVEVVBMemYwZ09qck1BYU9lbkJ5SVk5CjUxc3pZdlJzTmxCaEMvUUpZN3d1ZVVleXVZdDIwdVpXUXAwb3F2aitQbkpNZ28xcUI3V09oaEdjcmFtS2N3NUIKWEt5TFZJR3MzNWNJME9DdnJPNjlBTXVwZEdkRGFwemhLNnJHQUJQWkJxS1F1YnRnRytORjlrOWw1SElGN0tOegpOeWQwcVlhNFVxSERiQ1Ywd0Rwc01yeXFGMFlrUW5CNHRnd0IrSkVYdnF1SlozNGlIWUtQTmVKbGVNSitkQjV5CmpqRkxrekMxM0p4QU1XcFFrMU81TTgrY0RmUlNWMWFlNkowSVRoQjRabFpEZFh0amJNRDRZbHF3V0lVQ0F3RUEKQVFLQ0FnQU1pRTlKODAvdktmSlFJQXAvaUxYc2JqdHB1L01hMDBIZzh5Vm40QTNOY3g5czVUYm5IMjdMRjROTgpLRXl6R2o5N2ZxODFFcGE3N09tcmU0Y05RdUdtU1R1RUhFdENtSm1yK3g4L3UwS3JGSWpaMUc3bEdXNEQ3bHVDCjlyZklWOGFxcjVDYmdlMXpQQ1EyWFUwd0RSdFBIZUE1WXNPZ1VnVmlzZElxRlR3Q1ZFYnFadkM2dHpab1JUREoKWW9TL0F6SHVXYis2R2NNMXA4WTBSQ21vVktEaHdQK2szOXluOUNhSFdibXZWNHZSK3o0N2hiMkpoWjR6ZzBLRwo1akdGV0FoQjNSc2lORmwxM08rMCtQNzBpWllENE9LV2QyQzY4U2tHUXNjREtDZ2U3S1gwVWorVXBkSFFHV3gvCmpzSzJGZ2YyaDUxUU9yekdzVjFpV3FZOGNISjVjT0NUeDdNUHJqV0NCOXFUaC9RTVFLSVludm82T0h5OEd1YkwKM1RpTDM1UEVYcUZVZm0wU1IxTGR2OGJjMno3OHYvcU1JbUptam1VMVRuc3FmNkRlQ3RiZEY0MmpRR2pmR3dJawp6TWxZSlhBWGoxWThJYUZFQ2ZGZUpFYzRwODdQWDBPSkt6cGRCTVFyVU5tbjBSOTZ1MlFvbGxRZW42SWhEMVFWCmdtNXBjb3dyNkZDeHF0dk1LelJxYTN6QkdYWE5FSzk0MS9NdzV6bFFEZ3Vmck5oZXVnbXh4VmllOW5oRTlPdU8KOXRjSWMrZWwrTkVsOVhpTmdzSk5SRFEvV1lyMU8zQTNZOWxBSEZxV0hNaG81cFFmOVJxWTR1QW1KZjlDcHR0MAp1VGc0azlnZkt5eDgxeXdGUm5HTzFOc0JBdnB6K3djTUlzcEdoSGx1V0VWSVhGZXhEUUtDQVFFQS85QWszenBnCjVIa0VMbEdrUkoyYWJrbHRnamZtWHFyazgxSTFCTWw1QVZTY3RBL29JNEV4WEplc0Jla2VFNkd6WHB2L1NhQ0IKZXNJWnd1bjBNQ0dESCtlQ0oyTkk0b0ZNcGQ2Y0ptSUFSbUZ5czMxUHI4Qk1RZzVSNG5MYWloSUo5bHNkWGpscgpDeVNvZTJTTGdRMGdYcGZWWE5jaWo3bCthdVl2ZTVzcW0raHNnVll2OS9NSWJZcnJlN2dINCt4VmNYb2czcFp4CmE5Slp0OTJBS1V6TFBIYm1OM3RjbVgrMlV2V3NVamFaZWl6QW9nMGxicnNNdWZnbjJwVU5XV3UrWStiY1hKRHcKUzNTOU1CYTRYM2xWR2xqa1cvMGUrRy8xYzRZdkpaa3o2bm04TEFUc2VyT2lEaVdaSlc2SkpMaTlXRUppc1NuZwphY2FSRXJiK21uRjV5d0tDQVFFQStCaHJYOG9JMER5aGdtV2VlV2hBanRBYlh1bmFTSkZ3SFhpeGJUdkFKcnFwCk45QThoZm1QRkx4TGxLTTlaWlE5QytsbEJldG8rdVBkMUtuaHc0OSs4YWVYRmoxakM4K1FvdjNRcFU5cHZBS1UKdlNMeWJxZEVlS3E0RDB2aDdlS0l2Y3VweWlsN1FaU1JtMHZaYnJGb2NiOFQ0V3hSS0pXQzFSV1lNTUxqb0JDegptZkRTM3VHSmZqSW1sWVNWYlNWYUZIVi9SV2VPTlpMcUE0K1ZHVEN6Qm1QLzdZV2ZiMWJscWtFNnBCWE5hMTY1CnlJQ0hIUThJYitmTFJCaXptK3dybm0ra1FTcXg5R3VCU2RwcTQ5R1lBb0xuOTRxYTNuNyt0Sm5OdGZFYjhISmkKL2xBMkRKZTNNK3d6T2U3dk1qQ1ZLZ2VQd0J6MVhrVVhnd01qTGxwczd3S0NBUUVBOXlETmZobVhvU0NIdVhlRgppZ1AzUExRUzVzbTU4NXFFczh1bkRJaldMVUxnWDlNK0g0NmZjU1BWTzZDSlBjM295bTFKb29jOGpxc1UyQWZMCnJ2T3hDUkZOMjE4KytoS1BTVzVVeTMvQlpEeWY0bVljcFZ6UVRzQW11dXpaMHFpNmx4Uk91c2dkY1JabzdVdWsKdVhkRTNoMHdNaEJqZ3hWZjIwV2tlWFRkSk9EVWNkNGhXUmVmL0xOSDZxMU9jaEhPT1dJU2Z2WTNmRUlxQ2tZaAptY1JtVW5OSzFDNkl0b0Y2VVlxa2ZvZmduUGErNGM1eGF4ZW9vNy9vUUhIZUE1VGl5UUF0d2Y4REpPSVNJbkxRCml1dGNHNmZrZERtRHdkM204VU9nS0dKb2xRd2xqU0QwazFVV0tUU0pUbkFLYlQ5TExBaDE3MURWUzFwWXJBdTgKeXRiMUlRS0NBUUVBZ0ZpaHM3eGhNdGtxOUxwOWNYRnRkSFJVdEpWbVI0UjE2OGswZ0w0WWVmQzIraGpRTnI4VQpOalh6SThJUFVTMlBKMHBtNk5rUVJqcjcxN2pMQXRDSmE1cTNudG5ERTZrZHVqUjBiQkRaTWxwamVEVk1GZEtTCnFab24va0hUYjYxeDhENGNhR2x0U2xBQnc4VkpodXBnamZlNzRUS1lDZGJQQ0UxVG5tWTBPK3BuLzR1R2k2ZEIKNmZjbjN0SG9PNzdIQ3k1OTJQbnBwKzJKQXE2VkE2TWQrb0JoTmcrYW00N280VnM5YXdXY2I1OWhuVWhnbmJmWgpOWXRFck1YYXBSOVlzVzR3RzBacktYYzBPM0N6TzRpQ2kwb05seEl0YkUxbWx5ZTZOQlczem54ZW1oSUU1QjdZCnVCUEpySDdmWDZlaWcwdkdJaXpaQXh2YlBmdXhoNWxnSVFLQ0FRQXIwSUNGcUw5ZmlkM3dRVEVLanR3VkdOWnYKR3RyNGpuaU8wM25oZUJDNU10VkNQMGFkNmc4ZjlpYmtNeHZWVkFwcnZhT2p2OVVuWFZtNHA1NmFtL1BWMWxTegprOC8wVGhnS1hLUnBpTk5xZWg1OTNJcHVZeEs3RVRqbnFaWkNXZVBBeUdlWU1EYkJuYWJLUkk2OUxzNFNocFhyCmVSUTdlcDJSZjdMUi92VVRIN3NGRkU4U09wOHBDaTdMTDZUVnlnR21xdnZoeUJSWEVidDAzemVBMnlLOUU4M0gKbmpaMUZPeTBpV2pHbVdKSE0yeWdtSkJKREh2dXBoUkN3akdxcW9BQkpteTI3SU0yWDREVFpYSUFRYVNXbGl6ZQoybDBKeW9PbXo3V2IrM3BYNXRvRWFsK3F2RzdQUVltWVFWZGFyODMxMUM1amNpVWhCTGg3dWs1YVA2bHcKLS0tLS1FTkQgUlNBIFBSSVZBVEUgS0VZLS0tLS0K\n    token: 868ac17773b324c83e7c95060e900f99cf55fa7562b4728b919a52fbb8d7ae4c84b41c71654eb6b4bd00f518cc639b8683f9692e2f73bee22b31e6379ae09fdc\n",
            "kubelet_identity": [
              {
                "client_id": "96442555-9e52-49a8-a63a-ca344858dc98",
                "object_id": "26b6fd43-9e29-4dcc-bc91-25a4acd17633",
                "user_assigned_identity_id": "/subscriptions/e58a23da-421e-4b52-99d5-e615f2f8be41/resourceGroups/MC_mlopstemplaterg_mlopstemplateaksbd0725_westeurope/providers/Microsoft.ManagedIdentity/userAssignedIdentities/mlopstemplateaksbd0725-agentpool"
              }
            ],
            "kubernetes_version": "1.19.11",
            "linux_profile": [],
            "location": "westeurope",
            "name": "mlopstemplateaksbd0725",
            "network_profile": [
              {
                "dns_service_ip": "10.0.0.10",
                "docker_bridge_cidr": "172.17.0.1/16",
                "load_balancer_profile": [
                  {
                    "effective_outbound_ips": [
                      "/subscriptions/e58a23da-421e-4b52-99d5-e615f2f8be41/resourceGroups/MC_mlopstemplaterg_mlopstemplateaksbd0725_westeurope/providers/Microsoft.Network/publicIPAddresses/0c4cdf02-6338-47e8-97bf-ae62efb6feaa"
                    ],
                    "idle_timeout_in_minutes": 0,
                    "managed_outbound_ip_count": 1,
                    "outbound_ip_address_ids": [],
                    "outbound_ip_prefix_ids": [],
                    "outbound_ports_allocated": 0
                  }
                ],
                "load_balancer_sku": "Standard",
                "network_mode": "",
                "network_plugin": "kubenet",
                "network_policy": "",
                "outbound_type": "loadBalancer",
                "pod_cidr": "10.244.0.0/16",
                "service_cidr": "10.0.0.0/16"
              }
            ],
            "node_resource_group": "MC_mlopstemplaterg_mlopstemplateaksbd0725_westeurope",
            "private_cluster_enabled": false,
            "private_dns_zone_id": "",
            "private_fqdn": "",
            "private_link_enabled": false,
            "resource_group_name": "mlopstemplaterg",
            "role_based_access_control": [
              {
                "azure_active_directory": [],
                "enabled": false
              }
            ],
            "service_principal": [],
            "sku_tier": "Free",
            "tags": null,
            "timeouts": null,
            "windows_profile": []
          },
          "sensitive_attributes": [],
          "private": "eyJlMmJmYjczMC1lY2FhLTExZTYtOGY4OC0zNDM2M2JjN2M0YzAiOnsiY3JlYXRlIjo1NDAwMDAwMDAwMDAwLCJkZWxldGUiOjU0MDAwMDAwMDAwMDAsInJlYWQiOjMwMDAwMDAwMDAwMCwidXBkYXRlIjo1NDAwMDAwMDAwMDAwfX0=",
          "dependencies": [
            "azurerm_machine_learning_workspace.mlops_template_ws",
            "azurerm_resource_group.mlops_template_rg",
            "random_id.suffix"
          ]
        }
      ]
    },
    {
      "mode": "managed",
      "type": "azurerm_machine_learning_workspace",
      "name": "mlops_template_ws",
      "provider": "provider[\"registry.terraform.io/hashicorp/azurerm\"]",
      "instances": [
        {
          "schema_version": 0,
          "attributes": {
            "application_insights_id": "/subscriptions/e58a23da-421e-4b52-99d5-e615f2f8be41/resourcegroups/mlopstemplaterg/providers/microsoft.insights/components/mlopstemplateaibd0725",
            "container_registry_id": "",
            "description": "",
            "friendly_name": "",
            "high_business_impact": false,
            "id": "/subscriptions/e58a23da-421e-4b52-99d5-e615f2f8be41/resourceGroups/mlopstemplaterg/providers/Microsoft.MachineLearningServices/workspaces/mlopstemplatewsbd0725",
            "identity": [
              {
                "principal_id": "7d35b308-ed7b-42b1-a91f-874b0bde3b40",
                "tenant_id": "cf36141c-ddd7-45a7-b073-111f66d0b30c",
                "type": "SystemAssigned"
              }
            ],
            "key_vault_id": "/subscriptions/e58a23da-421e-4b52-99d5-e615f2f8be41/resourcegroups/mlopstemplaterg/providers/microsoft.keyvault/vaults/mlopstemplatekvbd0725",
            "location": "westeurope",
            "name": "mlopstemplatewsbd0725",
            "resource_group_name": "mlopstemplaterg",
            "sku_name": "Basic",
            "storage_account_id": "/subscriptions/e58a23da-421e-4b52-99d5-e615f2f8be41/resourcegroups/mlopstemplaterg/providers/microsoft.storage/storageaccounts/mlopstemplatesabd0725",
            "tags": {},
            "timeouts": null
          },
          "sensitive_attributes": [],
          "private": "eyJlMmJmYjczMC1lY2FhLTExZTYtOGY4OC0zNDM2M2JjN2M0YzAiOnsiY3JlYXRlIjoxODAwMDAwMDAwMDAwLCJkZWxldGUiOjE4MDAwMDAwMDAwMDAsInJlYWQiOjMwMDAwMDAwMDAwMCwidXBkYXRlIjoxODAwMDAwMDAwMDAwfX0=",
          "dependencies": [
            "azurerm_storage_account.mlops_template_sa",
            "data.azurerm_client_config.current",
            "random_id.suffix",
            "azurerm_application_insights.mlops_template_ai",
            "azurerm_key_vault.mlops_template_kv",
            "azurerm_resource_group.mlops_template_rg"
          ]
        }
      ]
    },
    {
      "mode": "managed",
      "type": "azurerm_resource_group",
      "name": "mlops_template_rg",
      "provider": "provider[\"registry.terraform.io/hashicorp/azurerm\"]",
      "instances": [
        {
          "schema_version": 0,
          "attributes": {
            "id": "/subscriptions/e58a23da-421e-4b52-99d5-e615f2f8be41/resourceGroups/mlopstemplaterg",
            "location": "westeurope",
            "name": "mlopstemplaterg",
            "tags": {},
            "timeouts": null
          },
          "sensitive_attributes": [],
          "private": "eyJlMmJmYjczMC1lY2FhLTExZTYtOGY4OC0zNDM2M2JjN2M0YzAiOnsiY3JlYXRlIjo1NDAwMDAwMDAwMDAwLCJkZWxldGUiOjU0MDAwMDAwMDAwMDAsInJlYWQiOjMwMDAwMDAwMDAwMCwidXBkYXRlIjo1NDAwMDAwMDAwMDAwfX0="
        }
      ]
    },
    {
      "mode": "managed",
      "type": "azurerm_storage_account",
      "name": "mlops_template_sa",
      "provider": "provider[\"registry.terraform.io/hashicorp/azurerm\"]",
      "instances": [
        {
          "schema_version": 2,
          "attributes": {
            "access_tier": "Hot",
            "account_kind": "StorageV2",
            "account_replication_type": "GRS",
            "account_tier": "Standard",
            "allow_blob_public_access": false,
            "azure_files_authentication": [],
            "blob_properties": [
              {
                "change_feed_enabled": false,
                "container_delete_retention_policy": [],
                "cors_rule": [
                  {
                    "allowed_headers": [
                      "*"
                    ],
                    "allowed_methods": [
                      "GET",
                      "HEAD"
                    ],
                    "allowed_origins": [
                      "https://mlworkspace.azure.ai",
                      "https://ml.azure.com",
                      "https://*.ml.azure.com"
                    ],
                    "exposed_headers": [
                      "*"
                    ],
                    "max_age_in_seconds": 1800
                  }
                ],
                "default_service_version": "",
                "delete_retention_policy": [],
                "last_access_time_enabled": false,
                "versioning_enabled": false
              }
            ],
            "custom_domain": [],
            "enable_https_traffic_only": true,
            "id": "/subscriptions/e58a23da-421e-4b52-99d5-e615f2f8be41/resourceGroups/mlopstemplaterg/providers/Microsoft.Storage/storageAccounts/mlopstemplatesabd0725",
            "identity": [],
            "is_hns_enabled": false,
            "large_file_share_enabled": null,
            "location": "westeurope",
            "min_tls_version": "TLS1_0",
            "name": "mlopstemplatesabd0725",
            "network_rules": [
              {
                "bypass": [
                  "AzureServices"
                ],
                "default_action": "Allow",
                "ip_rules": [],
                "private_link_access": [],
                "virtual_network_subnet_ids": []
              }
            ],
            "nfsv3_enabled": false,
            "primary_access_key": "kHixgmSk5RrAzVIizwPyaHCuafIbJ9XpLTrjqbxREQ6X8BKPE3zOHT9kq/MuZZbU5WAlOrrYhVDtDDKc9d+5zg==",
            "primary_blob_connection_string": "DefaultEndpointsProtocol=https;BlobEndpoint=https://mlopstemplatesabd0725.blob.core.windows.net/;AccountName=mlopstemplatesabd0725;AccountKey=kHixgmSk5RrAzVIizwPyaHCuafIbJ9XpLTrjqbxREQ6X8BKPE3zOHT9kq/MuZZbU5WAlOrrYhVDtDDKc9d+5zg==",
            "primary_blob_endpoint": "https://mlopstemplatesabd0725.blob.core.windows.net/",
            "primary_blob_host": "mlopstemplatesabd0725.blob.core.windows.net",
            "primary_connection_string": "DefaultEndpointsProtocol=https;AccountName=mlopstemplatesabd0725;AccountKey=kHixgmSk5RrAzVIizwPyaHCuafIbJ9XpLTrjqbxREQ6X8BKPE3zOHT9kq/MuZZbU5WAlOrrYhVDtDDKc9d+5zg==;EndpointSuffix=core.windows.net",
            "primary_dfs_endpoint": "https://mlopstemplatesabd0725.dfs.core.windows.net/",
            "primary_dfs_host": "mlopstemplatesabd0725.dfs.core.windows.net",
            "primary_file_endpoint": "https://mlopstemplatesabd0725.file.core.windows.net/",
            "primary_file_host": "mlopstemplatesabd0725.file.core.windows.net",
            "primary_location": "westeurope",
            "primary_queue_endpoint": "https://mlopstemplatesabd0725.queue.core.windows.net/",
            "primary_queue_host": "mlopstemplatesabd0725.queue.core.windows.net",
            "primary_table_endpoint": "https://mlopstemplatesabd0725.table.core.windows.net/",
            "primary_table_host": "mlopstemplatesabd0725.table.core.windows.net",
            "primary_web_endpoint": "https://mlopstemplatesabd0725.z6.web.core.windows.net/",
            "primary_web_host": "mlopstemplatesabd0725.z6.web.core.windows.net",
            "queue_properties": [
              {
                "cors_rule": [],
                "hour_metrics": [
                  {
                    "enabled": true,
                    "include_apis": true,
                    "retention_policy_days": 7,
                    "version": "1.0"
                  }
                ],
                "logging": [
                  {
                    "delete": false,
                    "read": false,
                    "retention_policy_days": 0,
                    "version": "1.0",
                    "write": false
                  }
                ],
                "minute_metrics": [
                  {
                    "enabled": false,
                    "include_apis": false,
                    "retention_policy_days": 0,
                    "version": "1.0"
                  }
                ]
              }
            ],
            "resource_group_name": "mlopstemplaterg",
            "routing": [],
            "secondary_access_key": "sdCVWmti0qrjCzEoD5no4dkduk5D1nP5izTKft+vFa5huJpoxACjAvEcVvrCV3UKlxLSlpyphywq0Sl4LW+C4A==",
            "secondary_blob_connection_string": "",
            "secondary_blob_endpoint": null,
            "secondary_blob_host": null,
            "secondary_connection_string": "DefaultEndpointsProtocol=https;AccountName=mlopstemplatesabd0725;AccountKey=sdCVWmti0qrjCzEoD5no4dkduk5D1nP5izTKft+vFa5huJpoxACjAvEcVvrCV3UKlxLSlpyphywq0Sl4LW+C4A==;EndpointSuffix=core.windows.net",
            "secondary_dfs_endpoint": null,
            "secondary_dfs_host": null,
            "secondary_file_endpoint": null,
            "secondary_file_host": null,
            "secondary_location": "northeurope",
            "secondary_queue_endpoint": null,
            "secondary_queue_host": null,
            "secondary_table_endpoint": null,
            "secondary_table_host": null,
            "secondary_web_endpoint": null,
            "secondary_web_host": null,
            "share_properties": [
              {
                "cors_rule": [],
                "retention_policy": [
                  {
                    "days": 7
                  }
                ],
                "smb": []
              }
            ],
            "static_website": [],
            "tags": {},
            "timeouts": null
          },
          "sensitive_attributes": [],
          "private": "eyJlMmJmYjczMC1lY2FhLTExZTYtOGY4OC0zNDM2M2JjN2M0YzAiOnsiY3JlYXRlIjozNjAwMDAwMDAwMDAwLCJkZWxldGUiOjM2MDAwMDAwMDAwMDAsInJlYWQiOjMwMDAwMDAwMDAwMCwidXBkYXRlIjozNjAwMDAwMDAwMDAwfSwic2NoZW1hX3ZlcnNpb24iOiIyIn0=",
          "dependencies": [
            "random_id.suffix",
            "azurerm_resource_group.mlops_template_rg"
          ]
        }
      ]
    },
    {
      "mode": "managed",
      "type": "null_resource",
      "name": "mlops_template_compute_targets",
      "provider": "provider[\"registry.terraform.io/hashicorp/null\"]",
      "instances": [
        {
          "schema_version": 0,
          "attributes": {
            "id": "1080408684147586132",
            "triggers": {
              "aml_workspace_name": "mlopstemplatewsbd0725"
            }
          },
          "sensitive_attributes": [],
          "private": "bnVsbA==",
          "dependencies": [
            "azurerm_machine_learning_workspace.mlops_template_ws",
            "azurerm_resource_group.mlops_template_rg",
            "azurerm_storage_account.mlops_template_sa",
            "data.azurerm_client_config.current",
            "random_id.suffix",
            "azurerm_application_insights.mlops_template_ai",
            "azurerm_key_vault.mlops_template_kv"
          ]
        }
      ]
    },
    {
      "mode": "managed",
      "type": "random_id",
      "name": "suffix",
      "provider": "provider[\"registry.terraform.io/hashicorp/random\"]",
      "instances": [
        {
          "schema_version": 0,
          "attributes": {
            "b64_std": "vQcl",
            "b64_url": "vQcl",
            "byte_length": 3,
            "dec": "12388133",
            "hex": "bd0725",
            "id": "vQcl",
            "keepers": null,
            "prefix": null
          },
          "sensitive_attributes": [],
          "private": "bnVsbA=="
        }
      ]
    }
  ]
}
